// !$*UTF8*$!
{
	archiveVersion = 1;
	classes = {
	};
	objectVersion = 55;
	objects = {

/* Begin PBXBuildFile section */
		5BF587342851DC4E0025E2D2 /* AppDelegate.m in Sources */ = {isa = PBXBuildFile; fileRef = 5BF587332851DC4E0025E2D2 /* AppDelegate.m */; };
		5BF587372851DC4E0025E2D2 /* SceneDelegate.m in Sources */ = {isa = PBXBuildFile; fileRef = 5BF587362851DC4E0025E2D2 /* SceneDelegate.m */; };
		5BF5873A2851DC4E0025E2D2 /* ViewController.m in Sources */ = {isa = PBXBuildFile; fileRef = 5BF587392851DC4E0025E2D2 /* ViewController.m */; };
		5BF5873D2851DC4E0025E2D2 /* Main.storyboard in Resources */ = {isa = PBXBuildFile; fileRef = 5BF5873B2851DC4E0025E2D2 /* Main.storyboard */; };
		5BF5873F2851DC520025E2D2 /* Assets.xcassets in Resources */ = {isa = PBXBuildFile; fileRef = 5BF5873E2851DC520025E2D2 /* Assets.xcassets */; };
		5BF587422851DC520025E2D2 /* LaunchScreen.storyboard in Resources */ = {isa = PBXBuildFile; fileRef = 5BF587402851DC520025E2D2 /* LaunchScreen.storyboard */; };
		5BF587452851DC520025E2D2 /* main.m in Sources */ = {isa = PBXBuildFile; fileRef = 5BF587442851DC520025E2D2 /* main.m */; };
		5BF5874E2851DFC40025E2D2 /* SampleCollectionViewCell.m in Sources */ = {isa = PBXBuildFile; fileRef = 5BF5874C2851DFC40025E2D2 /* SampleCollectionViewCell.m */; };
		5BF5874F2851DFC40025E2D2 /* SampleCollectionViewCell.xib in Resources */ = {isa = PBXBuildFile; fileRef = 5BF5874D2851DFC40025E2D2 /* SampleCollectionViewCell.xib */; };
/* End PBXBuildFile section */

/* Begin PBXFileReference section */
		5BF5872F2851DC4E0025E2D2 /* SampleCollectionView.app */ = {isa = PBXFileReference; explicitFileType = wrapper.application; includeInIndex = 0; path = SampleCollectionView.app; sourceTree = BUILT_PRODUCTS_DIR; };
		5BF587322851DC4E0025E2D2 /* AppDelegate.h */ = {isa = PBXFileReference; lastKnownFileType = sourcecode.c.h; path = AppDelegate.h; sourceTree = "<group>"; };
		5BF587332851DC4E0025E2D2 /* AppDelegate.m */ = {isa = PBXFileReference; lastKnownFileType = sourcecode.c.objc; path = AppDelegate.m; sourceTree = "<group>"; };
		5BF587352851DC4E0025E2D2 /* SceneDelegate.h */ = {isa = PBXFileReference; lastKnownFileType = sourcecode.c.h; path = SceneDelegate.h; sourceTree = "<group>"; };
		5BF587362851DC4E0025E2D2 /* SceneDelegate.m */ = {isa = PBXFileReference; lastKnownFileType = sourcecode.c.objc; path = SceneDelegate.m; sourceTree = "<group>"; };
		5BF587382851DC4E0025E2D2 /* ViewController.h */ = {isa = PBXFileReference; lastKnownFileType = sourcecode.c.h; path = ViewController.h; sourceTree = "<group>"; };
		5BF587392851DC4E0025E2D2 /* ViewController.m */ = {isa = PBXFileReference; lastKnownFileType = sourcecode.c.objc; path = ViewController.m; sourceTree = "<group>"; };
		5BF5873C2851DC4E0025E2D2 /* Base */ = {isa = PBXFileReference; lastKnownFileType = file.storyboard; name = Base; path = Base.lproj/Main.storyboard; sourceTree = "<group>"; };
		5BF5873E2851DC520025E2D2 /* Assets.xcassets */ = {isa = PBXFileReference; lastKnownFileType = folder.assetcatalog; path = Assets.xcassets; sourceTree = "<group>"; };
		5BF587412851DC520025E2D2 /* Base */ = {isa = PBXFileReference; lastKnownFileType = file.storyboard; name = Base; path = Base.lproj/LaunchScreen.storyboard; sourceTree = "<group>"; };
		5BF587432851DC520025E2D2 /* Info.plist */ = {isa = PBXFileReference; lastKnownFileType = text.plist.xml; path = Info.plist; sourceTree = "<group>"; };
		5BF587442851DC520025E2D2 /* main.m */ = {isa = PBXFileReference; lastKnownFileType = sourcecode.c.objc; path = main.m; sourceTree = "<group>"; };
		5BF5874B2851DFC40025E2D2 /* SampleCollectionViewCell.h */ = {isa = PBXFileReference; lastKnownFileType = sourcecode.c.h; path = SampleCollectionViewCell.h; sourceTree = "<group>"; };
		5BF5874C2851DFC40025E2D2 /* SampleCollectionViewCell.m */ = {isa = PBXFileReference; lastKnownFileType = sourcecode.c.objc; path = SampleCollectionViewCell.m; sourceTree = "<group>"; };
		5BF5874D2851DFC40025E2D2 /* SampleCollectionViewCell.xib */ = {isa = PBXFileReference; lastKnownFileType = file.xib; path = SampleCollectionViewCell.xib; sourceTree = "<group>"; };
/* End PBXFileReference section */

/* Begin PBXFrameworksBuildPhase section */
		5BF5872C2851DC4E0025E2D2 /* Frameworks */ = {
			isa = PBXFrameworksBuildPhase;
			buildActionMask = 2147483647;
			files = (
			);
			runOnlyForDeploymentPostprocessing = 0;
		};
/* End PBXFrameworksBuildPhase section */

/* Begin PBXGroup section */
		5BF587262851DC4E0025E2D2 = {
			isa = PBXGroup;
			children = (
				5BF587312851DC4E0025E2D2 /* SampleCollectionView */,
				5BF587302851DC4E0025E2D2 /* Products */,
			);
			sourceTree = "<group>";
		};
		5BF587302851DC4E0025E2D2 /* Products */ = {
			isa = PBXGroup;
			children = (
				5BF5872F2851DC4E0025E2D2 /* SampleCollectionView.app */,
			);
			name = Products;
			sourceTree = "<group>";
		};
		5BF587312851DC4E0025E2D2 /* SampleCollectionView */ = {
			isa = PBXGroup;
			children = (
				5BF587322851DC4E0025E2D2 /* AppDelegate.h */,
				5BF587332851DC4E0025E2D2 /* AppDelegate.m */,
				5BF587352851DC4E0025E2D2 /* SceneDelegate.h */,
				5BF587362851DC4E0025E2D2 /* SceneDelegate.m */,
				5BF587382851DC4E0025E2D2 /* ViewController.h */,
				5BF587392851DC4E0025E2D2 /* ViewController.m */,
				5BF5873B2851DC4E0025E2D2 /* Main.storyboard */,
				5BF5873E2851DC520025E2D2 /* Assets.xcassets */,
				5BF587402851DC520025E2D2 /* LaunchScreen.storyboard */,
				5BF587432851DC520025E2D2 /* Info.plist */,
				5BF587442851DC520025E2D2 /* main.m */,
				5BF5874B2851DFC40025E2D2 /* SampleCollectionViewCell.h */,
				5BF5874C2851DFC40025E2D2 /* SampleCollectionViewCell.m */,
				5BF5874D2851DFC40025E2D2 /* SampleCollectionViewCell.xib */,
			);
			path = SampleCollectionView;
			sourceTree = "<group>";
		};
/* End PBXGroup section */

/* Begin PBXNativeTarget section */
		5BF5872E2851DC4E0025E2D2 /* SampleCollectionView */ = {
			isa = PBXNativeTarget;
			buildConfigurationList = 5BF587482851DC520025E2D2 /* Build configuration list for PBXNativeTarget "SampleCollectionView" */;
			buildPhases = (
				5BF5872B2851DC4E0025E2D2 /* Sources */,
				5BF5872C2851DC4E0025E2D2 /* Frameworks */,
				5BF5872D2851DC4E0025E2D2 /* Resources */,
			);
			buildRules = (
			);
			dependencies = (
			);
			name = SampleCollectionView;
			productName = SampleCollectionView;
			productReference = 5BF5872F2851DC4E0025E2D2 /* SampleCollectionView.app */;
			productType = "com.apple.product-type.application";
		};
/* End PBXNativeTarget section */

/* Begin PBXProject section */
		5BF587272851DC4E0025E2D2 /* Project object */ = {
			isa = PBXProject;
			attributes = {
				BuildIndependentTargetsInParallel = 1;
				LastUpgradeCheck = 1330;
				TargetAttributes = {
					5BF5872E2851DC4E0025E2D2 = {
						CreatedOnToolsVersion = 13.3.1;
					};
				};
			};
			buildConfigurationList = 5BF5872A2851DC4E0025E2D2 /* Build configuration list for PBXProject "SampleCollectionView" */;
			compatibilityVersion = "Xcode 13.0";
			developmentRegion = en;
			hasScannedForEncodings = 0;
			knownRegions = (
				en,
				Base,
			);
			mainGroup = 5BF587262851DC4E0025E2D2;
			productRefGroup = 5BF587302851DC4E0025E2D2 /* Products */;
			projectDirPath = "";
			projectRoot = "";
			targets = (
				5BF5872E2851DC4E0025E2D2 /* SampleCollectionView */,
			);
		};
/* End PBXProject section */

/* Begin PBXResourcesBuildPhase section */
		5BF5872D2851DC4E0025E2D2 /* Resources */ = {
			isa = PBXResourcesBuildPhase;
			buildActionMask = 2147483647;
			files = (
				5BF587422851DC520025E2D2 /* LaunchScreen.storyboard in Resources */,
				5BF5873F2851DC520025E2D2 /* Assets.xcassets in Resources */,
				5BF5874F2851DFC40025E2D2 /* SampleCollectionViewCell.xib in Resources */,
				5BF5873D2851DC4E0025E2D2 /* Main.storyboard in Resources */,
			);
			runOnlyForDeploymentPostprocessing = 0;
		};
/* End PBXResourcesBuildPhase section */

/* Begin PBXSourcesBuildPhase section */
		5BF5872B2851DC4E0025E2D2 /* Sources */ = {
			isa = PBXSourcesBuildPhase;
			buildActionMask = 2147483647;
			files = (
				5BF5873A2851DC4E0025E2D2 /* ViewController.m in Sources */,
				5BF587342851DC4E0025E2D2 /* AppDelegate.m in Sources */,
				5BF587452851DC520025E2D2 /* main.m in Sources */,
				5BF5874E2851DFC40025E2D2 /* SampleCollectionViewCell.m in Sources */,
				5BF587372851DC4E0025E2D2 /* SceneDelegate.m in Sources */,
			);
			runOnlyForDeploymentPostprocessing = 0;
		};
/* End PBXSourcesBuildPhase section */

/* Begin PBXVariantGroup section */
		5BF5873B2851DC4E0025E2D2 /* Main.storyboard */ = {
			isa = PBXVariantGroup;
			children = (
				5BF5873C2851DC4E0025E2D2 /* Base */,
			);
			name = Main.storyboard;
			sourceTree = "<group>";
		};
		5BF587402851DC520025E2D2 /* LaunchScreen.storyboard */ = {
			isa = PBXVariantGroup;
			children = (
				5BF587412851DC520025E2D2 /* Base */,
			);
			name = LaunchScreen.storyboard;
			sourceTree = "<group>";
		};
/* End PBXVariantGroup section */

/* Begin XCBuildConfiguration section */
		5BF587462851DC520025E2D2 /* Debug */ = {
			isa = XCBuildConfiguration;
			buildSettings = {
				ALWAYS_SEARCH_USER_PATHS = NO;
				CLANG_ANALYZER_NONNULL = YES;
				CLANG_ANALYZER_NUMBER_OBJECT_CONVERSION = YES_AGGRESSIVE;
				CLANG_CXX_LANGUAGE_STANDARD = "gnu++17";
				CLANG_ENABLE_MODULES = YES;
				CLANG_ENABLE_OBJC_ARC = YES;
				CLANG_ENABLE_OBJC_WEAK = YES;
				CLANG_WARN_BLOCK_CAPTURE_AUTORELEASING = YES;
				CLANG_WARN_BOOL_CONVERSION = YES;
				CLANG_WARN_COMMA = YES;
				CLANG_WARN_CONSTANT_CONVERSION = YES;
				CLANG_WARN_DEPRECATED_OBJC_IMPLEMENTATIONS = YES;
				CLANG_WARN_DIRECT_OBJC_ISA_USAGE = YES_ERROR;
				CLANG_WARN_DOCUMENTATION_COMMENTS = YES;
				CLANG_WARN_EMPTY_BODY = YES;
				CLANG_WARN_ENUM_CONVERSION = YES;
				CLANG_WARN_INFINITE_RECURSION = YES;
				CLANG_WARN_INT_CONVERSION = YES;
				CLANG_WARN_NON_LITERAL_NULL_CONVERSION = YES;
				CLANG_WARN_OBJC_IMPLICIT_RETAIN_SELF = YES;
				CLANG_WARN_OBJC_LITERAL_CONVERSION = YES;
				CLANG_WARN_OBJC_ROOT_CLASS = YES_ERROR;
				CLANG_WARN_QUOTED_INCLUDE_IN_FRAMEWORK_HEADER = YES;
				CLANG_WARN_RANGE_LOOP_ANALYSIS = YES;
				CLANG_WARN_STRICT_PROTOTYPES = YES;
				CLANG_WARN_SUSPICIOUS_MOVE = YES;
				CLANG_WARN_UNGUARDED_AVAILABILITY = YES_AGGRESSIVE;
				CLANG_WARN_UNREACHABLE_CODE = YES;
				CLANG_WARN__DUPLICATE_METHOD_MATCH = YES;
				COPY_PHASE_STRIP = NO;
				DEBUG_INFORMATION_FORMAT = dwarf;
				ENABLE_STRICT_OBJC_MSGSEND = YES;
				ENABLE_TESTABILITY = YES;
				GCC_C_LANGUAGE_STANDARD = gnu11;
				GCC_DYNAMIC_NO_PIC = NO;
				GCC_NO_COMMON_BLOCKS = YES;
				GCC_OPTIMIZATION_LEVEL = 0;
				GCC_PREPROCESSOR_DEFINITIONS = (
					"DEBUG=1",
					"$(inherited)",
				);
				GCC_WARN_64_TO_32_BIT_CONVERSION = YES;
				GCC_WARN_ABOUT_RETURN_TYPE = YES_ERROR;
				GCC_WARN_UNDECLARED_SELECTOR = YES;
				GCC_WARN_UNINITIALIZED_AUTOS = YES_AGGRESSIVE;
				GCC_WARN_UNUSED_FUNCTION = YES;
				GCC_WARN_UNUSED_VARIABLE = YES;
				IPHONEOS_DEPLOYMENT_TARGET = 15.4;
				MTL_ENABLE_DEBUG_INFO = INCLUDE_SOURCE;
				MTL_FAST_MATH = YES;
				ONLY_ACTIVE_ARCH = YES;
				SDKROOT = iphoneos;
			};
			name = Debug;
		};
		5BF587472851DC520025E2D2 /* Release */ = {
			isa = XCBuildConfiguration;
			buildSettings = {
				ALWAYS_SEARCH_USER_PATHS = NO;
				CLANG_ANALYZER_NONNULL = YES;
				CLANG_ANALYZER_NUMBER_OBJECT_CONVERSION = YES_AGGRESSIVE;
				CLANG_CXX_LANGUAGE_STANDARD = "gnu++17";
				CLANG_ENABLE_MODULES = YES;
				CLANG_ENABLE_OBJC_ARC = YES;
				CLANG_ENABLE_OBJC_WEAK = YES;
				CLANG_WARN_BLOCK_CAPTURE_AUTORELEASING = YES;
				CLANG_WARN_BOOL_CONVERSION = YES;
				CLANG_WARN_COMMA = YES;
				CLANG_WARN_CONSTANT_CONVERSION = YES;
				CLANG_WARN_DEPRECATED_OBJC_IMPLEMENTATIONS = YES;
				CLANG_WARN_DIRECT_OBJC_ISA_USAGE = YES_ERROR;
				CLANG_WARN_DOCUMENTATION_COMMENTS = YES;
				CLANG_WARN_EMPTY_BODY = YES;
				CLANG_WARN_ENUM_CONVERSION = YES;
				CLANG_WARN_INFINITE_RECURSION = YES;
				CLANG_WARN_INT_CONVERSION = YES;
				CLANG_WARN_NON_LITERAL_NULL_CONVERSION = YES;
				CLANG_WARN_OBJC_IMPLICIT_RETAIN_SELF = YES;
				CLANG_WARN_OBJC_LITERAL_CONVERSION = YES;
				CLANG_WARN_OBJC_ROOT_CLASS = YES_ERROR;
				CLANG_WARN_QUOTED_INCLUDE_IN_FRAMEWORK_HEADER = YES;
				CLANG_WARN_RANGE_LOOP_ANALYSIS = YES;
				CLANG_WARN_STRICT_PROTOTYPES = YES;
				CLANG_WARN_SUSPICIOUS_MOVE = YES;
				CLANG_WARN_UNGUARDED_AVAILABILITY = YES_AGGRESSIVE;
				CLANG_WARN_UNREACHABLE_CODE = YES;
				CLANG_WARN__DUPLICATE_METHOD_MATCH = YES;
				COPY_PHASE_STRIP = NO;
				DEBUG_INFORMATION_FORMAT = "dwarf-with-dsym";
				ENABLE_NS_ASSERTIONS = NO;
				ENABLE_STRICT_OBJC_MSGSEND = YES;
				GCC_C_LANGUAGE_STANDARD = gnu11;
				GCC_NO_COMMON_BLOCKS = YES;
				GCC_WARN_64_TO_32_BIT_CONVERSION = YES;
				GCC_WARN_ABOUT_RETURN_TYPE = YES_ERROR;
				GCC_WARN_UNDECLARED_SELECTOR = YES;
				GCC_WARN_UNINITIALIZED_AUTOS = YES_AGGRESSIVE;
				GCC_WARN_UNUSED_FUNCTION = YES;
				GCC_WARN_UNUSED_VARIABLE = YES;
				IPHONEOS_DEPLOYMENT_TARGET = 15.4;
				MTL_ENABLE_DEBUG_INFO = NO;
				MTL_FAST_MATH = YES;
				SDKROOT = iphoneos;
				VALIDATE_PRODUCT = YES;
			};
			name = Release;
		};
		5BF587492851DC520025E2D2 /* Debug */ = {
			isa = XCBuildConfiguration;
			buildSettings = {
				ASSETCATALOG_COMPILER_APPICON_NAME = AppIcon;
				ASSETCATALOG_COMPILER_GLOBAL_ACCENT_COLOR_NAME = AccentColor;
				CODE_SIGN_STYLE = Automatic;
				CURRENT_PROJECT_VERSION = 1;
				GENERATE_INFOPLIST_FILE = YES;
				INFOPLIST_FILE = SampleCollectionView/Info.plist;
				INFOPLIST_KEY_UIApplicationSupportsIndirectInputEvents = YES;
				INFOPLIST_KEY_UILaunchStoryboardName = LaunchScreen;
				INFOPLIST_KEY_UIMainStoryboardFile = Main;
				INFOPLIST_KEY_UISupportedInterfaceOrientations_iPad = "UIInterfaceOrientationPortrait UIInterfaceOrientationPortraitUpsideDown UIInterfaceOrientationLandscapeLeft UIInterfaceOrientationLandscapeRight";
				INFOPLIST_KEY_UISupportedInterfaceOrientations_iPhone = "UIInterfaceOrientationPortrait UIInterfaceOrientationLandscapeLeft UIInterfaceOrientationLandscapeRight";
				LD_RUNPATH_SEARCH_PATHS = (
					"$(inherited)",
					"@executable_path/Frameworks",
				);
				MARKETING_VERSION = 1.0;
				PRODUCT_BUNDLE_IDENTIFIER = vijayamadhavi.SampleCollectionView;
				PRODUCT_NAME = "$(TARGET_NAME)";
				SWIFT_EMIT_LOC_STRINGS = YES;
				TARGETED_DEVICE_FAMILY = "1,2";
			};
			name = Debug;
		};
		5BF5874A2851DC520025E2D2 /* Release */ = {
			isa = XCBuildConfiguration;
			buildSettings = {
				ASSETCATALOG_COMPILER_APPICON_NAME = AppIcon;
				ASSETCATALOG_COMPILER_GLOBAL_ACCENT_COLOR_NAME = AccentColor;
				CODE_SIGN_STYLE = Automatic;
				CURRENT_PROJECT_VERSION = 1;
				GENERATE_INFOPLIST_FILE = YES;
				INFOPLIST_FILE = SampleCollectionView/Info.plist;
				INFOPLIST_KEY_UIApplicationSupportsIndirectInputEvents = YES;
				INFOPLIST_KEY_UILaunchStoryboardName = LaunchScreen;
				INFOPLIST_KEY_UIMainStoryboardFile = Main;
				INFOPLIST_KEY_UISupportedInterfaceOrientations_iPad = "UIInterfaceOrientationPortrait UIInterfaceOrientationPortraitUpsideDown UIInterfaceOrientationLandscapeLeft UIInterfaceOrientationLandscapeRight";
				INFOPLIST_KEY_UISupportedInterfaceOrientations_iPhone = "UIInterfaceOrientationPortrait UIInterfaceOrientationLandscapeLeft UIInterfaceOrientationLandscapeRight";
				LD_RUNPATH_SEARCH_PATHS = (
					"$(inherited)",
					"@executable_path/Frameworks",
				);
				MARKETING_VERSION = 1.0;
				PRODUCT_BUNDLE_IDENTIFIER = vijayamadhavi.SampleCollectionView;
				PRODUCT_NAME = "$(TARGET_NAME)";
				SWIFT_EMIT_LOC_STRINGS = YES;
				TARGETED_DEVICE_FAMILY = "1,2";
			};
			name = Release;
		};
/* End XCBuildConfiguration section */

/* Begin XCConfigurationList section */
		5BF5872A2851DC4E0025E2D2 /* Build configuration list for PBXProject "SampleCollectionView" */ = {
			isa = XCConfigurationList;
			buildConfigurations = (
				5BF587462851DC520025E2D2 /* Debug */,
				5BF587472851DC520025E2D2 /* Release */,
			);
			defaultConfigurationIsVisible = 0;
			defaultConfigurationName = Release;
		};
		5BF587482851DC520025E2D2 /* Build configuration list for PBXNativeTarget "SampleCollectionView" */ = {
			isa = XCConfigurationList;
			buildConfigurations = (
				5BF587492851DC520025E2D2 /* Debug */,
				5BF5874A2851DC520025E2D2 /* Release */,
			);
			defaultConfigurationIsVisible = 0;
			defaultConfigurationName = Release;
		};
/* End XCConfigurationList section */
	};
	rootObject = 5BF587272851DC4E0025E2D2 /* Project object */;
}
